{
  "version": 4,
  "terraform_version": "0.14.4",
  "serial": 15,
  "lineage": "e7e55662-0c42-cc93-c7b4-924907f52e3b",
  "outputs": {
    "bucket_arn": {
      "value": "arn:aws:s3:::usually-seriously-moderately-guided-coral-dev",
      "type": "string"
    },
    "bucket_domain_name": {
      "value": "usually-seriously-moderately-guided-coral-dev.s3.amazonaws.com",
      "type": "string"
    },
    "bucket_name": {
      "value": "usually-seriously-moderately-guided-coral-dev",
      "type": "string"
    },
    "ip_filepath": {
      "value": "usually-seriously-moderately-guided-coral-dev/config/ips.json",
      "type": "string"
    }
  },
  "resources": [
    {
      "mode": "managed",
      "type": "aws_s3_bucket",
      "name": "manual",
      "provider": "provider[\"registry.terraform.io/hashicorp/aws\"]",
      "instances": [
        {
          "schema_version": 0,
          "attributes": {
            "acceleration_status": "",
            "acl": "private",
            "arn": "arn:aws:s3:::teste-import-bucket",
            "bucket": "teste-import-bucket",
            "bucket_domain_name": "teste-import-bucket.s3.amazonaws.com",
            "bucket_prefix": null,
            "bucket_regional_domain_name": "teste-import-bucket.s3.amazonaws.com",
            "cors_rule": [],
            "force_destroy": false,
            "grant": [],
            "hosted_zone_id": "Z3AQBSTGFYJSTF",
            "id": "teste-import-bucket",
            "lifecycle_rule": [],
            "logging": [],
            "object_lock_configuration": [],
            "policy": null,
            "region": "us-east-1",
            "replication_configuration": [],
            "request_payer": "BucketOwner",
            "server_side_encryption_configuration": [],
            "tags": {
              "Criado": "24062022",
              "Importado": "2406202208:29",
              "ManageBy": "Terraform"
            },
            "versioning": [
              {
                "enabled": false,
                "mfa_delete": false
              }
            ],
            "website": [],
            "website_domain": null,
            "website_endpoint": null
          },
          "sensitive_attributes": [],
          "private": "bnVsbA=="
        }
      ]
    },
    {
      "mode": "managed",
      "type": "aws_s3_bucket",
      "name": "this",
      "provider": "provider[\"registry.terraform.io/hashicorp/aws\"]",
      "instances": [
        {
          "schema_version": 0,
          "attributes": {
            "acceleration_status": "",
            "acl": "private",
            "arn": "arn:aws:s3:::usually-seriously-moderately-guided-coral-dev",
            "bucket": "usually-seriously-moderately-guided-coral-dev",
            "bucket_domain_name": "usually-seriously-moderately-guided-coral-dev.s3.amazonaws.com",
            "bucket_prefix": null,
            "bucket_regional_domain_name": "usually-seriously-moderately-guided-coral-dev.s3.amazonaws.com",
            "cors_rule": [],
            "force_destroy": false,
            "grant": [],
            "hosted_zone_id": "Z3AQBSTGFYJSTF",
            "id": "usually-seriously-moderately-guided-coral-dev",
            "lifecycle_rule": [],
            "logging": [],
            "object_lock_configuration": [],
            "policy": null,
            "region": "us-east-1",
            "replication_configuration": [],
            "request_payer": "BucketOwner",
            "server_side_encryption_configuration": [],
            "tags": {
              "Environment": "dev",
              "Estudo": "Terraform",
              "Managedby": "Terraform",
              "Name": "My bucket terraform 22062022"
            },
            "versioning": [
              {
                "enabled": false,
                "mfa_delete": false
              }
            ],
            "website": [],
            "website_domain": null,
            "website_endpoint": null
          },
          "sensitive_attributes": [],
          "private": "bnVsbA==",
          "dependencies": [
            "random_pet.bucket"
          ]
        }
      ]
    },
    {
      "mode": "managed",
      "type": "aws_s3_bucket_object",
      "name": "random",
      "provider": "provider[\"registry.terraform.io/hashicorp/aws\"]",
      "instances": [
        {
          "schema_version": 0,
          "attributes": {
            "acl": "private",
            "bucket": "usually-seriously-moderately-guided-coral-dev",
            "cache_control": "",
            "content": null,
            "content_base64": null,
            "content_disposition": "",
            "content_encoding": "",
            "content_language": "",
            "content_type": "application/json",
            "etag": "c52a8f538af6722025af67dbdf094ded",
            "force_destroy": false,
            "id": "config/usually-seriously-moderately-guided-coral.json",
            "key": "config/usually-seriously-moderately-guided-coral.json",
            "kms_key_id": null,
            "metadata": {},
            "object_lock_legal_hold_status": "",
            "object_lock_mode": "",
            "object_lock_retain_until_date": "",
            "server_side_encryption": "",
            "source": "ips.json",
            "storage_class": "STANDARD",
            "tags": {
              "Environment": "dev",
              "Estudo": "Terraform",
              "Managedby": "Terraform",
              "Name": "My bucket terraform 22062022"
            },
            "version_id": "",
            "website_redirect": ""
          },
          "sensitive_attributes": [],
          "private": "bnVsbA==",
          "dependencies": [
            "aws_s3_bucket.this",
            "random_pet.bucket"
          ]
        }
      ]
    },
    {
      "mode": "managed",
      "type": "aws_s3_bucket_object",
      "name": "this",
      "provider": "provider[\"registry.terraform.io/hashicorp/aws\"]",
      "instances": [
        {
          "schema_version": 0,
          "attributes": {
            "acl": "private",
            "bucket": "usually-seriously-moderately-guided-coral-dev",
            "cache_control": "",
            "content": null,
            "content_base64": null,
            "content_disposition": "",
            "content_encoding": "",
            "content_language": "",
            "content_type": "application/json",
            "etag": "c52a8f538af6722025af67dbdf094ded",
            "force_destroy": false,
            "id": "config/ips.json",
            "key": "config/ips.json",
            "kms_key_id": null,
            "metadata": {},
            "object_lock_legal_hold_status": "",
            "object_lock_mode": "",
            "object_lock_retain_until_date": "",
            "server_side_encryption": "",
            "source": "ips.json",
            "storage_class": "STANDARD",
            "tags": {
              "Environment": "dev",
              "Estudo": "Terraform",
              "Managedby": "Terraform",
              "Name": "My bucket terraform 22062022"
            },
            "version_id": "",
            "website_redirect": ""
          },
          "sensitive_attributes": [],
          "private": "bnVsbA==",
          "dependencies": [
            "aws_s3_bucket.this",
            "random_pet.bucket"
          ]
        }
      ]
    },
    {
      "mode": "managed",
      "type": "random_pet",
      "name": "bucket",
      "provider": "provider[\"registry.terraform.io/hashicorp/random\"]",
      "instances": [
        {
          "schema_version": 0,
          "attributes": {
            "id": "usually-seriously-moderately-guided-coral",
            "keepers": null,
            "length": 5,
            "prefix": null,
            "separator": "-"
          },
          "sensitive_attributes": [],
          "private": "bnVsbA=="
        }
      ]
    }
  ]
}
